// !$*UTF8*$!
{
	archiveVersion = 1;
	classes = {
	};
	objectVersion = 46;
	objects = {

/* Begin PBXBuildFile section */
		6551ABDB1CBCD41A00E4E130 /* AppDelegate.swift in Sources */ = {isa = PBXBuildFile; fileRef = 6551ABDA1CBCD41A00E4E130 /* AppDelegate.swift */; };
		6551ABDD1CBCD41A00E4E130 /* ViewController.swift in Sources */ = {isa = PBXBuildFile; fileRef = 6551ABDC1CBCD41A00E4E130 /* ViewController.swift */; };
		6551ABE01CBCD41A00E4E130 /* Main.storyboard in Resources */ = {isa = PBXBuildFile; fileRef = 6551ABDE1CBCD41A00E4E130 /* Main.storyboard */; };
		6551ABE21CBCD41A00E4E130 /* Assets.xcassets in Resources */ = {isa = PBXBuildFile; fileRef = 6551ABE11CBCD41A00E4E130 /* Assets.xcassets */; };
		6551ABE51CBCD41A00E4E130 /* LaunchScreen.storyboard in Resources */ = {isa = PBXBuildFile; fileRef = 6551ABE31CBCD41A00E4E130 /* LaunchScreen.storyboard */; };
		6551ABF01CBCD41A00E4E130 /* MicroPhoneTests.swift in Sources */ = {isa = PBXBuildFile; fileRef = 6551ABEF1CBCD41A00E4E130 /* MicroPhoneTests.swift */; };
		6551ABFB1CBCD41B00E4E130 /* MicroPhoneUITests.swift in Sources */ = {isa = PBXBuildFile; fileRef = 6551ABFA1CBCD41B00E4E130 /* MicroPhoneUITests.swift */; };
/* End PBXBuildFile section */

/* Begin PBXContainerItemProxy section */
		6551ABEC1CBCD41A00E4E130 /* PBXContainerItemProxy */ = {
			isa = PBXContainerItemProxy;
			containerPortal = 6551ABCF1CBCD41A00E4E130 /* Project object */;
			proxyType = 1;
			remoteGlobalIDString = 6551ABD61CBCD41A00E4E130;
			remoteInfo = MicroPhone;
		};
		6551ABF71CBCD41B00E4E130 /* PBXContainerItemProxy */ = {
			isa = PBXContainerItemProxy;
			containerPortal = 6551ABCF1CBCD41A00E4E130 /* Project object */;
			proxyType = 1;
			remoteGlobalIDString = 6551ABD61CBCD41A00E4E130;
			remoteInfo = MicroPhone;
		};
/* End PBXContainerItemProxy section */

/* Begin PBXFileReference section */
		6551ABD71CBCD41A00E4E130 /* MicroPhone.app */ = {isa = PBXFileReference; explicitFileType = wrapper.application; includeInIndex = 0; path = MicroPhone.app; sourceTree = BUILT_PRODUCTS_DIR; };
		6551ABDA1CBCD41A00E4E130 /* AppDelegate.swift */ = {isa = PBXFileReference; lastKnownFileType = sourcecode.swift; path = AppDelegate.swift; sourceTree = "<group>"; };
		6551ABDC1CBCD41A00E4E130 /* ViewController.swift */ = {isa = PBXFileReference; lastKnownFileType = sourcecode.swift; path = ViewController.swift; sourceTree = "<group>"; };
		6551ABDF1CBCD41A00E4E130 /* Base */ = {isa = PBXFileReference; lastKnownFileType = file.storyboard; name = Base; path = Base.lproj/Main.storyboard; sourceTree = "<group>"; };
		6551ABE11CBCD41A00E4E130 /* Assets.xcassets */ = {isa = PBXFileReference; lastKnownFileType = folder.assetcatalog; path = Assets.xcassets; sourceTree = "<group>"; };
		6551ABE41CBCD41A00E4E130 /* Base */ = {isa = PBXFileReference; lastKnownFileType = file.storyboard; name = Base; path = Base.lproj/LaunchScreen.storyboard; sourceTree = "<group>"; };
		6551ABE61CBCD41A00E4E130 /* Info.plist */ = {isa = PBXFileReference; lastKnownFileType = text.plist.xml; path = Info.plist; sourceTree = "<group>"; };
		6551ABEB1CBCD41A00E4E130 /* MicroPhoneTests.xctest */ = {isa = PBXFileReference; explicitFileType = wrapper.cfbundle; includeInIndex = 0; path = MicroPhoneTests.xctest; sourceTree = BUILT_PRODUCTS_DIR; };
		6551ABEF1CBCD41A00E4E130 /* MicroPhoneTests.swift */ = {isa = PBXFileReference; lastKnownFileType = sourcecode.swift; path = MicroPhoneTests.swift; sourceTree = "<group>"; };
		6551ABF11CBCD41A00E4E130 /* Info.plist */ = {isa = PBXFileReference; lastKnownFileType = text.plist.xml; path = Info.plist; sourceTree = "<group>"; };
		6551ABF61CBCD41B00E4E130 /* MicroPhoneUITests.xctest */ = {isa = PBXFileReference; explicitFileType = wrapper.cfbundle; includeInIndex = 0; path = MicroPhoneUITests.xctest; sourceTree = BUILT_PRODUCTS_DIR; };
		6551ABFA1CBCD41B00E4E130 /* MicroPhoneUITests.swift */ = {isa = PBXFileReference; lastKnownFileType = sourcecode.swift; path = MicroPhoneUITests.swift; sourceTree = "<group>"; };
		6551ABFC1CBCD41B00E4E130 /* Info.plist */ = {isa = PBXFileReference; lastKnownFileType = text.plist.xml; path = Info.plist; sourceTree = "<group>"; };
/* End PBXFileReference section */

/* Begin PBXFrameworksBuildPhase section */
		6551ABD41CBCD41A00E4E130 /* Frameworks */ = {
			isa = PBXFrameworksBuildPhase;
			buildActionMask = 2147483647;
			files = (
			);
			runOnlyForDeploymentPostprocessing = 0;
		};
		6551ABE81CBCD41A00E4E130 /* Frameworks */ = {
			isa = PBXFrameworksBuildPhase;
			buildActionMask = 2147483647;
			files = (
			);
			runOnlyForDeploymentPostprocessing = 0;
		};
		6551ABF31CBCD41B00E4E130 /* Frameworks */ = {
			isa = PBXFrameworksBuildPhase;
			buildActionMask = 2147483647;
			files = (
			);
			runOnlyForDeploymentPostprocessing = 0;
		};
/* End PBXFrameworksBuildPhase section */

/* Begin PBXGroup section */
		6551ABCE1CBCD41A00E4E130 = {
			isa = PBXGroup;
			children = (
				6551ABD91CBCD41A00E4E130 /* MicroPhone */,
				6551ABEE1CBCD41A00E4E130 /* MicroPhoneTests */,
				6551ABF91CBCD41B00E4E130 /* MicroPhoneUITests */,
				6551ABD81CBCD41A00E4E130 /* Products */,
			);
			sourceTree = "<group>";
		};
		6551ABD81CBCD41A00E4E130 /* Products */ = {
			isa = PBXGroup;
			children = (
				6551ABD71CBCD41A00E4E130 /* MicroPhone.app */,
				6551ABEB1CBCD41A00E4E130 /* MicroPhoneTests.xctest */,
				6551ABF61CBCD41B00E4E130 /* MicroPhoneUITests.xctest */,
			);
			name = Products;
			sourceTree = "<group>";
		};
		6551ABD91CBCD41A00E4E130 /* MicroPhone */ = {
			isa = PBXGroup;
			children = (
				6551ABDA1CBCD41A00E4E130 /* AppDelegate.swift */,
				6551ABDC1CBCD41A00E4E130 /* ViewController.swift */,
				6551ABDE1CBCD41A00E4E130 /* Main.storyboard */,
				6551ABE11CBCD41A00E4E130 /* Assets.xcassets */,
				6551ABE31CBCD41A00E4E130 /* LaunchScreen.storyboard */,
				6551ABE61CBCD41A00E4E130 /* Info.plist */,
			);
			path = MicroPhone;
			sourceTree = "<group>";
		};
		6551ABEE1CBCD41A00E4E130 /* MicroPhoneTests */ = {
			isa = PBXGroup;
			children = (
				6551ABEF1CBCD41A00E4E130 /* MicroPhoneTests.swift */,
				6551ABF11CBCD41A00E4E130 /* Info.plist */,
			);
			path = MicroPhoneTests;
			sourceTree = "<group>";
		};
		6551ABF91CBCD41B00E4E130 /* MicroPhoneUITests */ = {
			isa = PBXGroup;
			children = (
				6551ABFA1CBCD41B00E4E130 /* MicroPhoneUITests.swift */,
				6551ABFC1CBCD41B00E4E130 /* Info.plist */,
			);
			path = MicroPhoneUITests;
			sourceTree = "<group>";
		};
/* End PBXGroup section */

/* Begin PBXNativeTarget section */
		6551ABD61CBCD41A00E4E130 /* MicroPhone */ = {
			isa = PBXNativeTarget;
			buildConfigurationList = 6551ABFF1CBCD41B00E4E130 /* Build configuration list for PBXNativeTarget "MicroPhone" */;
			buildPhases = (
				6551ABD31CBCD41A00E4E130 /* Sources */,
				6551ABD41CBCD41A00E4E130 /* Frameworks */,
				6551ABD51CBCD41A00E4E130 /* Resources */,
			);
			buildRules = (
			);
			dependencies = (
			);
			name = MicroPhone;
			productName = MicroPhone;
			productReference = 6551ABD71CBCD41A00E4E130 /* MicroPhone.app */;
			productType = "com.apple.product-type.application";
		};
		6551ABEA1CBCD41A00E4E130 /* MicroPhoneTests */ = {
			isa = PBXNativeTarget;
			buildConfigurationList = 6551AC021CBCD41B00E4E130 /* Build configuration list for PBXNativeTarget "MicroPhoneTests" */;
			buildPhases = (
				6551ABE71CBCD41A00E4E130 /* Sources */,
				6551ABE81CBCD41A00E4E130 /* Frameworks */,
				6551ABE91CBCD41A00E4E130 /* Resources */,
			);
			buildRules = (
			);
			dependencies = (
				6551ABED1CBCD41A00E4E130 /* PBXTargetDependency */,
			);
			name = MicroPhoneTests;
			productName = MicroPhoneTests;
			productReference = 6551ABEB1CBCD41A00E4E130 /* MicroPhoneTests.xctest */;
			productType = "com.apple.product-type.bundle.unit-test";
		};
		6551ABF51CBCD41B00E4E130 /* MicroPhoneUITests */ = {
			isa = PBXNativeTarget;
			buildConfigurationList = 6551AC051CBCD41B00E4E130 /* Build configuration list for PBXNativeTarget "MicroPhoneUITests" */;
			buildPhases = (
				6551ABF21CBCD41B00E4E130 /* Sources */,
				6551ABF31CBCD41B00E4E130 /* Frameworks */,
				6551ABF41CBCD41B00E4E130 /* Resources */,
			);
			buildRules = (
			);
			dependencies = (
				6551ABF81CBCD41B00E4E130 /* PBXTargetDependency */,
			);
			name = MicroPhoneUITests;
			productName = MicroPhoneUITests;
			productReference = 6551ABF61CBCD41B00E4E130 /* MicroPhoneUITests.xctest */;
			productType = "com.apple.product-type.bundle.ui-testing";
		};
/* End PBXNativeTarget section */

/* Begin PBXProject section */
		6551ABCF1CBCD41A00E4E130 /* Project object */ = {
			isa = PBXProject;
			attributes = {
				LastSwiftUpdateCheck = 0730;
				LastUpgradeCheck = 0730;
				ORGANIZATIONNAME = CodeFireUA;
				TargetAttributes = {
					6551ABD61CBCD41A00E4E130 = {
						CreatedOnToolsVersion = 7.3;
						DevelopmentTeam = EEAF694567;
					};
					6551ABEA1CBCD41A00E4E130 = {
						CreatedOnToolsVersion = 7.3;
						DevelopmentTeam = EEAF694567;
						TestTargetID = 6551ABD61CBCD41A00E4E130;
					};
					6551ABF51CBCD41B00E4E130 = {
						CreatedOnToolsVersion = 7.3;
						DevelopmentTeam = EEAF694567;
						TestTargetID = 6551ABD61CBCD41A00E4E130;
					};
				};
			};
			buildConfigurationList = 6551ABD21CBCD41A00E4E130 /* Build configuration list for PBXProject "MicroPhone" */;
			compatibilityVersion = "Xcode 3.2";
			developmentRegion = English;
			hasScannedForEncodings = 0;
			knownRegions = (
				en,
				Base,
			);
			mainGroup = 6551ABCE1CBCD41A00E4E130;
			productRefGroup = 6551ABD81CBCD41A00E4E130 /* Products */;
			projectDirPath = "";
			projectRoot = "";
			targets = (
				6551ABD61CBCD41A00E4E130 /* MicroPhone */,
				6551ABEA1CBCD41A00E4E130 /* MicroPhoneTests */,
				6551ABF51CBCD41B00E4E130 /* MicroPhoneUITests */,
			);
		};
/* End PBXProject section */

/* Begin PBXResourcesBuildPhase section */
		6551ABD51CBCD41A00E4E130 /* Resources */ = {
			isa = PBXResourcesBuildPhase;
			buildActionMask = 2147483647;
			files = (
				6551ABE51CBCD41A00E4E130 /* LaunchScreen.storyboard in Resources */,
				6551ABE21CBCD41A00E4E130 /* Assets.xcassets in Resources */,
				6551ABE01CBCD41A00E4E130 /* Main.storyboard in Resources */,
			);
			runOnlyForDeploymentPostprocessing = 0;
		};
		6551ABE91CBCD41A00E4E130 /* Resources */ = {
			isa = PBXResourcesBuildPhase;
			buildActionMask = 2147483647;
			files = (
			);
			runOnlyForDeploymentPostprocessing = 0;
		};
		6551ABF41CBCD41B00E4E130 /* Resources */ = {
			isa = PBXResourcesBuildPhase;
			buildActionMask = 2147483647;
			files = (
			);
			runOnlyForDeploymentPostprocessing = 0;
		};
/* End PBXResourcesBuildPhase section */

/* Begin PBXSourcesBuildPhase section */
		6551ABD31CBCD41A00E4E130 /* Sources */ = {
			isa = PBXSourcesBuildPhase;
			buildActionMask = 2147483647;
			files = (
				6551ABDD1CBCD41A00E4E130 /* ViewController.swift in Sources */,
				6551ABDB1CBCD41A00E4E130 /* AppDelegate.swift in Sources */,
			);
			runOnlyForDeploymentPostprocessing = 0;
		};
		6551ABE71CBCD41A00E4E130 /* Sources */ = {
			isa = PBXSourcesBuildPhase;
			buildActionMask = 2147483647;
			files = (
				6551ABF01CBCD41A00E4E130 /* MicroPhoneTests.swift in Sources */,
			);
			runOnlyForDeploymentPostprocessing = 0;
		};
		6551ABF21CBCD41B00E4E130 /* Sources */ = {
			isa = PBXSourcesBuildPhase;
			buildActionMask = 2147483647;
			files = (
				6551ABFB1CBCD41B00E4E130 /* MicroPhoneUITests.swift in Sources */,
			);
			runOnlyForDeploymentPostprocessing = 0;
		};
/* End PBXSourcesBuildPhase section */

/* Begin PBXTargetDependency section */
		6551ABED1CBCD41A00E4E130 /* PBXTargetDependency */ = {
			isa = PBXTargetDependency;
			target = 6551ABD61CBCD41A00E4E130 /* MicroPhone */;
			targetProxy = 6551ABEC1CBCD41A00E4E130 /* PBXContainerItemProxy */;
		};
		6551ABF81CBCD41B00E4E130 /* PBXTargetDependency */ = {
			isa = PBXTargetDependency;
			target = 6551ABD61CBCD41A00E4E130 /* MicroPhone */;
			targetProxy = 6551ABF71CBCD41B00E4E130 /* PBXContainerItemProxy */;
		};
/* End PBXTargetDependency section */

/* Begin PBXVariantGroup section */
		6551ABDE1CBCD41A00E4E130 /* Main.storyboard */ = {
			isa = PBXVariantGroup;
			children = (
				6551ABDF1CBCD41A00E4E130 /* Base */,
			);
			name = Main.storyboard;
			sourceTree = "<group>";
		};
		6551ABE31CBCD41A00E4E130 /* LaunchScreen.storyboard */ = {
			isa = PBXVariantGroup;
			children = (
				6551ABE41CBCD41A00E4E130 /* Base */,
			);
			name = LaunchScreen.storyboard;
			sourceTree = "<group>";
		};
/* End PBXVariantGroup section */

/* Begin XCBuildConfiguration section */
		6551ABFD1CBCD41B00E4E130 /* Debug */ = {
			isa = XCBuildConfiguration;
			buildSettings = {
				ALWAYS_SEARCH_USER_PATHS = NO;
				CLANG_ANALYZER_NONNULL = YES;
				CLANG_CXX_LANGUAGE_STANDARD = "gnu++0x";
				CLANG_CXX_LIBRARY = "libc++";
				CLANG_ENABLE_MODULES = YES;
				CLANG_ENABLE_OBJC_ARC = YES;
				CLANG_WARN_BOOL_CONVERSION = YES;
				CLANG_WARN_CONSTANT_CONVERSION = YES;
				CLANG_WARN_DIRECT_OBJC_ISA_USAGE = YES_ERROR;
				CLANG_WARN_EMPTY_BODY = YES;
				CLANG_WARN_ENUM_CONVERSION = YES;
				CLANG_WARN_INT_CONVERSION = YES;
				CLANG_WARN_OBJC_ROOT_CLASS = YES_ERROR;
				CLANG_WARN_UNREACHABLE_CODE = YES;
				CLANG_WARN__DUPLICATE_METHOD_MATCH = YES;
				"CODE_SIGN_IDENTITY[sdk=iphoneos*]" = "iPhone Developer";
				COPY_PHASE_STRIP = NO;
				DEBUG_INFORMATION_FORMAT = dwarf;
				ENABLE_STRICT_OBJC_MSGSEND = YES;
				ENABLE_TESTABILITY = YES;
				GCC_C_LANGUAGE_STANDARD = gnu99;
				GCC_DYNAMIC_NO_PIC = NO;
				GCC_NO_COMMON_BLOCKS = YES;
				GCC_OPTIMIZATION_LEVEL = 0;
				GCC_PREPROCESSOR_DEFINITIONS = (
					"DEBUG=1",
					"$(inherited)",
				);
				GCC_WARN_64_TO_32_BIT_CONVERSION = YES;
				GCC_WARN_ABOUT_RETURN_TYPE = YES_ERROR;
				GCC_WARN_UNDECLARED_SELECTOR = YES;
				GCC_WARN_UNINITIALIZED_AUTOS = YES_AGGRESSIVE;
				GCC_WARN_UNUSED_FUNCTION = YES;
				GCC_WARN_UNUSED_VARIABLE = YES;
				IPHONEOS_DEPLOYMENT_TARGET = 9.3;
				MTL_ENABLE_DEBUG_INFO = YES;
				ONLY_ACTIVE_ARCH = YES;
				SDKROOT = iphoneos;
				SWIFT_OPTIMIZATION_LEVEL = "-Onone";
				TARGETED_DEVICE_FAMILY = "1,2";
			};
			name = Debug;
		};
		6551ABFE1CBCD41B00E4E130 /* Release */ = {
			isa = XCBuildConfiguration;
			buildSettings = {
				ALWAYS_SEARCH_USER_PATHS = NO;
				CLANG_ANALYZER_NONNULL = YES;
				CLANG_CXX_LANGUAGE_STANDARD = "gnu++0x";
				CLANG_CXX_LIBRARY = "libc++";
				CLANG_ENABLE_MODULES = YES;
				CLANG_ENABLE_OBJC_ARC = YES;
				CLANG_WARN_BOOL_CONVERSION = YES;
				CLANG_WARN_CONSTANT_CONVERSION = YES;
				CLANG_WARN_DIRECT_OBJC_ISA_USAGE = YES_ERROR;
				CLANG_WARN_EMPTY_BODY = YES;
				CLANG_WARN_ENUM_CONVERSION = YES;
				CLANG_WARN_INT_CONVERSION = YES;
				CLANG_WARN_OBJC_ROOT_CLASS = YES_ERROR;
				CLANG_WARN_UNREACHABLE_CODE = YES;
				CLANG_WARN__DUPLICATE_METHOD_MATCH = YES;
				"CODE_SIGN_IDENTITY[sdk=iphoneos*]" = "iPhone Developer";
				COPY_PHASE_STRIP = NO;
				DEBUG_INFORMATION_FORMAT = "dwarf-with-dsym";
				ENABLE_NS_ASSERTIONS = NO;
				ENABLE_STRICT_OBJC_MSGSEND = YES;
				GCC_C_LANGUAGE_STANDARD = gnu99;
				GCC_NO_COMMON_BLOCKS = YES;
				GCC_WARN_64_TO_32_BIT_CONVERSION = YES;
				GCC_WARN_ABOUT_RETURN_TYPE = YES_ERROR;
				GCC_WARN_UNDECLARED_SELECTOR = YES;
				GCC_WARN_UNINITIALIZED_AUTOS = YES_AGGRESSIVE;
				GCC_WARN_UNUSED_FUNCTION = YES;
				GCC_WARN_UNUSED_VARIABLE = YES;
				IPHONEOS_DEPLOYMENT_TARGET = 9.3;
				MTL_ENABLE_DEBUG_INFO = NO;
				SDKROOT = iphoneos;
				TARGETED_DEVICE_FAMILY = "1,2";
				VALIDATE_PRODUCT = YES;
			};
			name = Release;
		};
		6551AC001CBCD41B00E4E130 /* Debug */ = {
			isa = XCBuildConfiguration;
			buildSettings = {
				ASSETCATALOG_COMPILER_APPICON_NAME = AppIcon;
				INFOPLIST_FILE = MicroPhone/Info.plist;
				LD_RUNPATH_SEARCH_PATHS = "$(inherited) @executable_path/Frameworks";
				PRODUCT_BUNDLE_IDENTIFIER = ua.com.codefire.MicroPhone;
				PRODUCT_NAME = "$(TARGET_NAME)";
			};
			name = Debug;
		};
		6551AC011CBCD41B00E4E130 /* Release */ = {
			isa = XCBuildConfiguration;
			buildSettings = {
				ASSETCATALOG_COMPILER_APPICON_NAME = AppIcon;
				INFOPLIST_FILE = MicroPhone/Info.plist;
				LD_RUNPATH_SEARCH_PATHS = "$(inherited) @executable_path/Frameworks";
				PRODUCT_BUNDLE_IDENTIFIER = ua.com.codefire.MicroPhone;
				PRODUCT_NAME = "$(TARGET_NAME)";
			};
			name = Release;
		};
		6551AC031CBCD41B00E4E130 /* Debug */ = {
			isa = XCBuildConfiguration;
			buildSettings = {
				BUNDLE_LOADER = "$(TEST_HOST)";
				INFOPLIST_FILE = MicroPhoneTests/Info.plist;
				LD_RUNPATH_SEARCH_PATHS = "$(inherited) @executable_path/Frameworks @loader_path/Frameworks";
				PRODUCT_BUNDLE_IDENTIFIER = ua.com.codefire.MicroPhoneTests;
				PRODUCT_NAME = "$(TARGET_NAME)";
				TEST_HOST = "$(BUILT_PRODUCTS_DIR)/MicroPhone.app/MicroPhone";
			};
			name = Debug;
		};
		6551AC041CBCD41B00E4E130 /* Release */ = {
			isa = XCBuildConfiguration;
			buildSettings = {
				BUNDLE_LOADER = "$(TEST_HOST)";
				INFOPLIST_FILE = MicroPhoneTests/Info.plist;
				LD_RUNPATH_SEARCH_PATHS = "$(inherited) @executable_path/Frameworks @loader_path/Frameworks";
				PRODUCT_BUNDLE_IDENTIFIER = ua.com.codefire.MicroPhoneTests;
				PRODUCT_NAME = "$(TARGET_NAME)";
				TEST_HOST = "$(BUILT_PRODUCTS_DIR)/MicroPhone.app/MicroPhone";
			};
			name = Release;
		};
		6551AC061CBCD41B00E4E130 /* Debug */ = {
			isa = XCBuildConfiguration;
			buildSettings = {
				INFOPLIST_FILE = MicroPhoneUITests/Info.plist;
				LD_RUNPATH_SEARCH_PATHS = "$(inherited) @executable_path/Frameworks @loader_path/Frameworks";
				PRODUCT_BUNDLE_IDENTIFIER = ua.com.codefire.MicroPhoneUITests;
				PRODUCT_NAME = "$(TARGET_NAME)";
				TEST_TARGET_NAME = MicroPhone;
			};
			name = Debug;
		};
		6551AC071CBCD41B00E4E130 /* Release */ = {
			isa = XCBuildConfiguration;
			buildSettings = {
				INFOPLIST_FILE = MicroPhoneUITests/Info.plist;
				LD_RUNPATH_SEARCH_PATHS = "$(inherited) @executable_path/Frameworks @loader_path/Frameworks";
				PRODUCT_BUNDLE_IDENTIFIER = ua.com.codefire.MicroPhoneUITests;
				PRODUCT_NAME = "$(TARGET_NAME)";
				TEST_TARGET_NAME = MicroPhone;
			};
			name = Release;
		};
/* End XCBuildConfiguration section */

/* Begin XCConfigurationList section */
		6551ABD21CBCD41A00E4E130 /* Build configuration list for PBXProject "MicroPhone" */ = {
			isa = XCConfigurationList;
			buildConfigurations = (
				6551ABFD1CBCD41B00E4E130 /* Debug */,
				6551ABFE1CBCD41B00E4E130 /* Release */,
			);
			defaultConfigurationIsVisible = 0;
			defaultConfigurationName = Release;
		};
		6551ABFF1CBCD41B00E4E130 /* Build configuration list for PBXNativeTarget "MicroPhone" */ = {
			isa = XCConfigurationList;
			buildConfigurations = (
				6551AC001CBCD41B00E4E130 /* Debug */,
				6551AC011CBCD41B00E4E130 /* Release */,
			);
			defaultConfigurationIsVisible = 0;
		};
		6551AC021CBCD41B00E4E130 /* Build configuration list for PBXNativeTarget "MicroPhoneTests" */ = {
			isa = XCConfigurationList;
			buildConfigurations = (
				6551AC031CBCD41B00E4E130 /* Debug */,
				6551AC041CBCD41B00E4E130 /* Release */,
			);
			defaultConfigurationIsVisible = 0;
		};
		6551AC051CBCD41B00E4E130 /* Build configuration list for PBXNativeTarget "MicroPhoneUITests" */ = {
			isa = XCConfigurationList;
			buildConfigurations = (
				6551AC061CBCD41B00E4E130 /* Debug */,
				6551AC071CBCD41B00E4E130 /* Release */,
			);
			defaultConfigurationIsVisible = 0;
		};
/* End XCConfigurationList section */
	};
	rootObject = 6551ABCF1CBCD41A00E4E130 /* Project object */;
}
